
Microsoft Visual Studio Solution File, Format Version 12.00
# Visual Studio 15
VisualStudioVersion = 15.0.27428.2043
MinimumVisualStudioVersion = 10.0.40219.1
Project("{FAE04EC0-301F-11D3-BF4B-00C04F79EFBC}") = "logProduct", "logProduct\logProduct.csproj", "{06712227-923D-4A49-B3EF-DCF9F1B7F076}"
EndProject
Global
	GlobalSection(SolutionConfigurationPlatforms) = preSolution
		Debug|Any CPU = Debug|Any CPU
		Release|Any CPU = Release|Any CPU
	EndGlobalSection
	GlobalSection(ProjectConfigurationPlatforms) = postSolution
		{06712227-923D-4A49-B3EF-DCF9F1B7F076}.Debug|Any CPU.ActiveCfg = Debug|Any CPU
		{06712227-923D-4A49-B3EF-DCF9F1B7F076}.Debug|Any CPU.Build.0 = Debug|Any CPU
		{06712227-923D-4A49-B3EF-DCF9F1B7F076}.Release|Any CPU.ActiveCfg = Release|Any CPU
		{06712227-923D-4A49-B3EF-DCF9F1B7F076}.Release|Any CPU.Build.0 = Release|Any CPU
	EndGlobalSection
	GlobalSection(SolutionProperties) = preSolution
		HideSolutionNode = FALSE
	EndGlobalSection
	GlobalSection(ExtensibilityGlobals) = postSolution
		SolutionGuid = {258D5EC1-E3B1-4FB7-BA3C-B60E33CB66F0}
	EndGlobalSection
EndGlobal
